
Microsoft Visual Studio Solution File, Format Version 12.00
# Visual Studio Version 16
VisualStudioVersion = 16.0.29728.190
MinimumVisualStudioVersion = 15.0.26124.0
Project("{9A19103F-16F7-4668-BE54-9A1E7A4F7556}") = "macman", "src\macman\macman.csproj", "{B2425E45-EE4C-4F9D-B43B-8E7DC1894C15}"
EndProject
Project("{FAE04EC0-301F-11D3-BF4B-00C04F79EFBC}") = "macman.Cli", "src\macman.Cli\macman.Cli.csproj", "{8FF96602-A187-45CC-AAA7-4D4ECC806EB0}"
EndProject
Project("{FAE04EC0-301F-11D3-BF4B-00C04F79EFBC}") = "macman.PSModule", "macman.PSModule\macman.PSModule.csproj", "{DD8152BC-1F71-4928-ACA5-E5FD8353D559}"
EndProject
Global
	GlobalSection(SolutionConfigurationPlatforms) = preSolution
		Debug|Any CPU = Debug|Any CPU
		Debug|x64 = Debug|x64
		Debug|x86 = Debug|x86
		Release|Any CPU = Release|Any CPU
		Release|x64 = Release|x64
		Release|x86 = Release|x86
	EndGlobalSection
	GlobalSection(ProjectConfigurationPlatforms) = postSolution
		{B2425E45-EE4C-4F9D-B43B-8E7DC1894C15}.Debug|Any CPU.ActiveCfg = Debug|Any CPU
		{B2425E45-EE4C-4F9D-B43B-8E7DC1894C15}.Debug|Any CPU.Build.0 = Debug|Any CPU
		{B2425E45-EE4C-4F9D-B43B-8E7DC1894C15}.Debug|x64.ActiveCfg = Debug|Any CPU
		{B2425E45-EE4C-4F9D-B43B-8E7DC1894C15}.Debug|x64.Build.0 = Debug|Any CPU
		{B2425E45-EE4C-4F9D-B43B-8E7DC1894C15}.Debug|x86.ActiveCfg = Debug|Any CPU
		{B2425E45-EE4C-4F9D-B43B-8E7DC1894C15}.Debug|x86.Build.0 = Debug|Any CPU
		{B2425E45-EE4C-4F9D-B43B-8E7DC1894C15}.Release|Any CPU.ActiveCfg = Release|Any CPU
		{B2425E45-EE4C-4F9D-B43B-8E7DC1894C15}.Release|Any CPU.Build.0 = Release|Any CPU
		{B2425E45-EE4C-4F9D-B43B-8E7DC1894C15}.Release|x64.ActiveCfg = Release|Any CPU
		{B2425E45-EE4C-4F9D-B43B-8E7DC1894C15}.Release|x64.Build.0 = Release|Any CPU
		{B2425E45-EE4C-4F9D-B43B-8E7DC1894C15}.Release|x86.ActiveCfg = Release|Any CPU
		{B2425E45-EE4C-4F9D-B43B-8E7DC1894C15}.Release|x86.Build.0 = Release|Any CPU
		{8FF96602-A187-45CC-AAA7-4D4ECC806EB0}.Debug|Any CPU.ActiveCfg = Debug|Any CPU
		{8FF96602-A187-45CC-AAA7-4D4ECC806EB0}.Debug|Any CPU.Build.0 = Debug|Any CPU
		{8FF96602-A187-45CC-AAA7-4D4ECC806EB0}.Debug|x64.ActiveCfg = Debug|Any CPU
		{8FF96602-A187-45CC-AAA7-4D4ECC806EB0}.Debug|x64.Build.0 = Debug|Any CPU
		{8FF96602-A187-45CC-AAA7-4D4ECC806EB0}.Debug|x86.ActiveCfg = Debug|Any CPU
		{8FF96602-A187-45CC-AAA7-4D4ECC806EB0}.Debug|x86.Build.0 = Debug|Any CPU
		{8FF96602-A187-45CC-AAA7-4D4ECC806EB0}.Release|Any CPU.ActiveCfg = Release|Any CPU
		{8FF96602-A187-45CC-AAA7-4D4ECC806EB0}.Release|Any CPU.Build.0 = Release|Any CPU
		{8FF96602-A187-45CC-AAA7-4D4ECC806EB0}.Release|x64.ActiveCfg = Release|Any CPU
		{8FF96602-A187-45CC-AAA7-4D4ECC806EB0}.Release|x64.Build.0 = Release|Any CPU
		{8FF96602-A187-45CC-AAA7-4D4ECC806EB0}.Release|x86.ActiveCfg = Release|Any CPU
		{8FF96602-A187-45CC-AAA7-4D4ECC806EB0}.Release|x86.Build.0 = Release|Any CPU
		{DD8152BC-1F71-4928-ACA5-E5FD8353D559}.Debug|Any CPU.ActiveCfg = Debug|Any CPU
		{DD8152BC-1F71-4928-ACA5-E5FD8353D559}.Debug|Any CPU.Build.0 = Debug|Any CPU
		{DD8152BC-1F71-4928-ACA5-E5FD8353D559}.Debug|x64.ActiveCfg = Debug|Any CPU
		{DD8152BC-1F71-4928-ACA5-E5FD8353D559}.Debug|x64.Build.0 = Debug|Any CPU
		{DD8152BC-1F71-4928-ACA5-E5FD8353D559}.Debug|x86.ActiveCfg = Debug|Any CPU
		{DD8152BC-1F71-4928-ACA5-E5FD8353D559}.Debug|x86.Build.0 = Debug|Any CPU
		{DD8152BC-1F71-4928-ACA5-E5FD8353D559}.Release|Any CPU.ActiveCfg = Release|Any CPU
		{DD8152BC-1F71-4928-ACA5-E5FD8353D559}.Release|Any CPU.Build.0 = Release|Any CPU
		{DD8152BC-1F71-4928-ACA5-E5FD8353D559}.Release|x64.ActiveCfg = Release|Any CPU
		{DD8152BC-1F71-4928-ACA5-E5FD8353D559}.Release|x64.Build.0 = Release|Any CPU
		{DD8152BC-1F71-4928-ACA5-E5FD8353D559}.Release|x86.ActiveCfg = Release|Any CPU
		{DD8152BC-1F71-4928-ACA5-E5FD8353D559}.Release|x86.Build.0 = Release|Any CPU
	EndGlobalSection
	GlobalSection(SolutionProperties) = preSolution
		HideSolutionNode = FALSE
	EndGlobalSection
	GlobalSection(ExtensibilityGlobals) = postSolution
		SolutionGuid = {59197020-1B68-44E2-A0D7-A1ADBBFBE601}
	EndGlobalSection
EndGlobal
